
Microsoft Visual Studio Solution File, Format Version 12.00
# Visual Studio Version 16
VisualStudioVersion = 16.0.30330.147
MinimumVisualStudioVersion = 10.0.40219.1
Project("{FAE04EC0-301F-11D3-BF4B-00C04F79EFBC}") = "Taller1Integrador", "Taller1Integrador.csproj", "{DD02394E-6C7D-4A7E-9A4B-03E92395633C}"
EndProject
Global
	GlobalSection(SolutionConfigurationPlatforms) = preSolution
		Debug|Any CPU = Debug|Any CPU
		Release|Any CPU = Release|Any CPU
	EndGlobalSection
	GlobalSection(ProjectConfigurationPlatforms) = postSolution
		{DD02394E-6C7D-4A7E-9A4B-03E92395633C}.Debug|Any CPU.ActiveCfg = Debug|Any CPU
		{DD02394E-6C7D-4A7E-9A4B-03E92395633C}.Debug|Any CPU.Build.0 = Debug|Any CPU
		{DD02394E-6C7D-4A7E-9A4B-03E92395633C}.Release|Any CPU.ActiveCfg = Release|Any CPU
		{DD02394E-6C7D-4A7E-9A4B-03E92395633C}.Release|Any CPU.Build.0 = Release|Any CPU
	EndGlobalSection
	GlobalSection(SolutionProperties) = preSolution
		HideSolutionNode = FALSE
	EndGlobalSection
	GlobalSection(ExtensibilityGlobals) = postSolution
		SolutionGuid = {2D57CB3A-E3D4-4ECB-A9D3-7A0680493EB2}
	EndGlobalSection
EndGlobal
